
Microsoft Visual Studio Solution File, Format Version 12.00
# Visual Studio Version 17
VisualStudioVersion = 17.0.31903.59
MinimumVisualStudioVersion = 10.0.40219.1
Project("{FAE04EC0-301F-11D3-BF4B-00C04F79EFBC}") = "github-actions-sample", "github-actions-sample\github-actions-sample.csproj", "{CE55CD9B-DA38-4B15-A391-A0854A3C1EA3}"
EndProject
Global
	GlobalSection(SolutionConfigurationPlatforms) = preSolution
		Debug|Any CPU = Debug|Any CPU
		Release|Any CPU = Release|Any CPU
	EndGlobalSection
	GlobalSection(ProjectConfigurationPlatforms) = postSolution
		{CE55CD9B-DA38-4B15-A391-A0854A3C1EA3}.Debug|Any CPU.ActiveCfg = Debug|Any CPU
		{CE55CD9B-DA38-4B15-A391-A0854A3C1EA3}.Debug|Any CPU.Build.0 = Debug|Any CPU
		{CE55CD9B-DA38-4B15-A391-A0854A3C1EA3}.Release|Any CPU.ActiveCfg = Release|Any CPU
		{CE55CD9B-DA38-4B15-A391-A0854A3C1EA3}.Release|Any CPU.Build.0 = Release|Any CPU
	EndGlobalSection
	GlobalSection(SolutionProperties) = preSolution
		HideSolutionNode = FALSE
	EndGlobalSection
	GlobalSection(ExtensibilityGlobals) = postSolution
		SolutionGuid = {228867D5-BC72-406D-B55D-4B922E8E3B2D}
	EndGlobalSection
EndGlobal
